{
  "name": "jschain",
  "version": "1.0.0",
  "lockfileVersion": 2,
  "requires": true,
  "packages": {
    "": {
      "name": "jschain",
      "version": "1.0.0",
      "license": "ISC",
      "dependencies": {
        "crypto-js": "^4.1.1",
        "ethereum-cryptography": "^0.2.4",
        "merkle-js": "^0.0.2"
      }
    },
    "node_modules/@noble/hashes": {
      "version": "0.5.7",
      "resolved": "https://registry.npmjs.org/@noble/hashes/-/hashes-0.5.7.tgz",
      "integrity": "sha512-R9PPYv7TqoYi+enikzZvwRQesGTxR0+jwqzZJGL0uNcf2NFL+lt/uvCCewtXXmr6jWBxiMuNjBfJwKv9UJaCng=="
    },
    "node_modules/@noble/secp256k1": {
      "version": "1.3.4",
      "resolved": "https://registry.npmjs.org/@noble/secp256k1/-/secp256k1-1.3.4.tgz",
      "integrity": "sha512-ZVRouDO5mbdCiDg4zCd3ZZABduRtpy4tCnB33Gh9upHe9tRzpiqbRSN1VTjrj/2g8u2c6MBi0YLNnNQpBYOiWg=="
    },
    "node_modules/crypto-js": {
      "version": "4.1.1",
      "resolved": "https://registry.npmjs.org/crypto-js/-/crypto-js-4.1.1.tgz",
      "integrity": "sha512-o2JlM7ydqd3Qk9CA0L4NL6mTzU2sdx96a+oOfPu8Mkl/PK51vSyoi8/rQ8NknZtk44vq15lmhAj9CIAGwgeWKw=="
    },
    "node_modules/ethereum-cryptography": {
      "version": "0.2.4",
      "resolved": "https://registry.npmjs.org/ethereum-cryptography/-/ethereum-cryptography-0.2.4.tgz",
      "integrity": "sha512-QUZE7o+yoFybBx1WrkClLIbdNOAI8h7Fct5TFwCGKkLyygSUY7xBmyxzlyZthusJ0v9aM0FQRRhINFLZLfFJ2A==",
      "dependencies": {
        "@noble/hashes": "^0.5.2",
        "@noble/secp256k1": "^1.3.3",
        "micro-base": "^0.10.0"
      }
    },
    "node_modules/merkle-js": {
      "version": "0.0.2",
      "resolved": "https://registry.npmjs.org/merkle-js/-/merkle-js-0.0.2.tgz",
      "integrity": "sha512-CsRN2XNKFUKCtoe6koZe5XTJBsVcBMRchsAUv8jdqdoTM/4tqpRpju4+kuDUguNNWi/7DmKD5ptccC9eh2B8kg=="
    },
    "node_modules/micro-base": {
      "version": "0.10.2",
      "resolved": "https://registry.npmjs.org/micro-base/-/micro-base-0.10.2.tgz",
      "integrity": "sha512-lqqJrT7lfJtDmmiQ4zRLZuIJBk96t0RAc5pCrrWpL9zDeH5i/SUL85mku9HqzTI/OCZ8EQ3aicbMW+eK5Nyu5w=="
    }
  },
  "dependencies": {
    "@noble/hashes": {
      "version": "0.5.7",
      "resolved": "https://registry.npmjs.org/@noble/hashes/-/hashes-0.5.7.tgz",
      "integrity": "sha512-R9PPYv7TqoYi+enikzZvwRQesGTxR0+jwqzZJGL0uNcf2NFL+lt/uvCCewtXXmr6jWBxiMuNjBfJwKv9UJaCng=="
    },
    "@noble/secp256k1": {
      "version": "1.3.4",
      "resolved": "https://registry.npmjs.org/@noble/secp256k1/-/secp256k1-1.3.4.tgz",
      "integrity": "sha512-ZVRouDO5mbdCiDg4zCd3ZZABduRtpy4tCnB33Gh9upHe9tRzpiqbRSN1VTjrj/2g8u2c6MBi0YLNnNQpBYOiWg=="
    },
    "crypto-js": {
      "version": "4.1.1",
      "resolved": "https://registry.npmjs.org/crypto-js/-/crypto-js-4.1.1.tgz",
      "integrity": "sha512-o2JlM7ydqd3Qk9CA0L4NL6mTzU2sdx96a+oOfPu8Mkl/PK51vSyoi8/rQ8NknZtk44vq15lmhAj9CIAGwgeWKw=="
    },
    "ethereum-cryptography": {
      "version": "0.2.4",
      "resolved": "https://registry.npmjs.org/ethereum-cryptography/-/ethereum-cryptography-0.2.4.tgz",
      "integrity": "sha512-QUZE7o+yoFybBx1WrkClLIbdNOAI8h7Fct5TFwCGKkLyygSUY7xBmyxzlyZthusJ0v9aM0FQRRhINFLZLfFJ2A==",
      "requires": {
        "@noble/hashes": "^0.5.2",
        "@noble/secp256k1": "^1.3.3",
        "micro-base": "^0.10.0"
      }
    },
    "merkle-js": {
      "version": "0.0.2",
      "resolved": "https://registry.npmjs.org/merkle-js/-/merkle-js-0.0.2.tgz",
      "integrity": "sha512-CsRN2XNKFUKCtoe6koZe5XTJBsVcBMRchsAUv8jdqdoTM/4tqpRpju4+kuDUguNNWi/7DmKD5ptccC9eh2B8kg=="
    },
    "micro-base": {
      "version": "0.10.2",
      "resolved": "https://registry.npmjs.org/micro-base/-/micro-base-0.10.2.tgz",
      "integrity": "sha512-lqqJrT7lfJtDmmiQ4zRLZuIJBk96t0RAc5pCrrWpL9zDeH5i/SUL85mku9HqzTI/OCZ8EQ3aicbMW+eK5Nyu5w=="
    }
  }
}
